
Microsoft Visual Studio Solution File, Format Version 12.00
# Visual Studio Version 16
VisualStudioVersion = 16.0.30225.117
MinimumVisualStudioVersion = 10.0.40219.1
Project("{FAE04EC0-301F-11D3-BF4B-00C04F79EFBC}") = "Lab3", "Lab3.csproj", "{998B2175-2610-4D4E-925E-770331A9F9F0}"
EndProject
Global
	GlobalSection(SolutionConfigurationPlatforms) = preSolution
		Debug|Any CPU = Debug|Any CPU
		Release|Any CPU = Release|Any CPU
	EndGlobalSection
	GlobalSection(ProjectConfigurationPlatforms) = postSolution
		{998B2175-2610-4D4E-925E-770331A9F9F0}.Debug|Any CPU.ActiveCfg = Debug|Any CPU
		{998B2175-2610-4D4E-925E-770331A9F9F0}.Debug|Any CPU.Build.0 = Debug|Any CPU
		{998B2175-2610-4D4E-925E-770331A9F9F0}.Release|Any CPU.ActiveCfg = Release|Any CPU
		{998B2175-2610-4D4E-925E-770331A9F9F0}.Release|Any CPU.Build.0 = Release|Any CPU
	EndGlobalSection
	GlobalSection(SolutionProperties) = preSolution
		HideSolutionNode = FALSE
	EndGlobalSection
	GlobalSection(ExtensibilityGlobals) = postSolution
		SolutionGuid = {BE3F4541-87EC-4FAE-A336-BF5295FB3892}
	EndGlobalSection
EndGlobal
